
Microsoft Visual Studio Solution File, Format Version 12.00
# Visual Studio Version 16
VisualStudioVersion = 16.0.31729.503
MinimumVisualStudioVersion = 10.0.40219.1
Project("{FAE04EC0-301F-11D3-BF4B-00C04F79EFBC}") = "Solution1", "Solution1\Solution1.csproj", "{3A5D9C96-2452-4F46-8DCA-FC89D2D88C7D}"
EndProject
Global
	GlobalSection(SolutionConfigurationPlatforms) = preSolution
		Debug|Any CPU = Debug|Any CPU
		Release|Any CPU = Release|Any CPU
	EndGlobalSection
	GlobalSection(ProjectConfigurationPlatforms) = postSolution
		{3A5D9C96-2452-4F46-8DCA-FC89D2D88C7D}.Debug|Any CPU.ActiveCfg = Debug|Any CPU
		{3A5D9C96-2452-4F46-8DCA-FC89D2D88C7D}.Debug|Any CPU.Build.0 = Debug|Any CPU
		{3A5D9C96-2452-4F46-8DCA-FC89D2D88C7D}.Release|Any CPU.ActiveCfg = Release|Any CPU
		{3A5D9C96-2452-4F46-8DCA-FC89D2D88C7D}.Release|Any CPU.Build.0 = Release|Any CPU
	EndGlobalSection
	GlobalSection(SolutionProperties) = preSolution
		HideSolutionNode = FALSE
	EndGlobalSection
	GlobalSection(ExtensibilityGlobals) = postSolution
		SolutionGuid = {1A9318FC-DA42-4D3F-B5BB-39ECA7182EC1}
	EndGlobalSection
EndGlobal
